
Microsoft Visual Studio Solution File, Format Version 12.00
# Visual Studio Version 16
VisualStudioVersion = 16.0.29920.165
MinimumVisualStudioVersion = 10.0.40219.1
Project("{FAE04EC0-301F-11D3-BF4B-00C04F79EFBC}") = "WindowsFormsApp1", "WindowsFormsApp1\WindowsFormsApp1.csproj", "{4029092C-4925-48A4-913E-387E88D29EA6}"
EndProject
Global
	GlobalSection(SolutionConfigurationPlatforms) = preSolution
		Debug|Any CPU = Debug|Any CPU
		Release|Any CPU = Release|Any CPU
	EndGlobalSection
	GlobalSection(ProjectConfigurationPlatforms) = postSolution
		{4029092C-4925-48A4-913E-387E88D29EA6}.Debug|Any CPU.ActiveCfg = Debug|Any CPU
		{4029092C-4925-48A4-913E-387E88D29EA6}.Debug|Any CPU.Build.0 = Debug|Any CPU
		{4029092C-4925-48A4-913E-387E88D29EA6}.Release|Any CPU.ActiveCfg = Release|Any CPU
		{4029092C-4925-48A4-913E-387E88D29EA6}.Release|Any CPU.Build.0 = Release|Any CPU
	EndGlobalSection
	GlobalSection(SolutionProperties) = preSolution
		HideSolutionNode = FALSE
	EndGlobalSection
	GlobalSection(ExtensibilityGlobals) = postSolution
		SolutionGuid = {98F6F3D3-6EF3-4790-854A-2541EBF57077}
	EndGlobalSection
EndGlobal
